
Microsoft Visual Studio Solution File, Format Version 12.00
# Visual Studio Version 17
VisualStudioVersion = 17.7.34031.279
MinimumVisualStudioVersion = 10.0.40219.1
Project("{FAE04EC0-301F-11D3-BF4B-00C04F79EFBC}") = "MovieRankingApp", "MovieRankingApp\MovieRankingApp.csproj", "{B748F686-AF3E-4369-B3E6-603B59735BEE}"
EndProject
Global
	GlobalSection(SolutionConfigurationPlatforms) = preSolution
		Debug|Any CPU = Debug|Any CPU
		Release|Any CPU = Release|Any CPU
	EndGlobalSection
	GlobalSection(ProjectConfigurationPlatforms) = postSolution
		{B748F686-AF3E-4369-B3E6-603B59735BEE}.Debug|Any CPU.ActiveCfg = Debug|Any CPU
		{B748F686-AF3E-4369-B3E6-603B59735BEE}.Debug|Any CPU.Build.0 = Debug|Any CPU
		{B748F686-AF3E-4369-B3E6-603B59735BEE}.Release|Any CPU.ActiveCfg = Release|Any CPU
		{B748F686-AF3E-4369-B3E6-603B59735BEE}.Release|Any CPU.Build.0 = Release|Any CPU
	EndGlobalSection
	GlobalSection(SolutionProperties) = preSolution
		HideSolutionNode = FALSE
	EndGlobalSection
	GlobalSection(ExtensibilityGlobals) = postSolution
		SolutionGuid = {472A5D8F-E30E-44A4-8AC1-7EF36DCAE17B}
	EndGlobalSection
EndGlobal
